
Microsoft Visual Studio Solution File, Format Version 12.00
# Visual Studio Version 16
VisualStudioVersion = 16.0.35130.168
MinimumVisualStudioVersion = 10.0.40219.1
Project("{FAE04EC0-301F-11D3-BF4B-00C04F79EFBC}") = "DAL", "DAL\DAL.csproj", "{B90DF2ED-D5D4-4A1F-9D2C-F64F9BFA7D01}"
EndProject
Project("{FAE04EC0-301F-11D3-BF4B-00C04F79EFBC}") = "GUI", "GUI\GUI.csproj", "{95FA49A3-D447-466F-8480-80D4C3675C8B}"
EndProject
Project("{FAE04EC0-301F-11D3-BF4B-00C04F79EFBC}") = "BLL", "BLL\BLL.csproj", "{7F2F14E8-F38C-4760-AAD7-5D58D4F12770}"
EndProject
Project("{FAE04EC0-301F-11D3-BF4B-00C04F79EFBC}") = "DTO", "DTO\DTO.csproj", "{D7E12007-D14A-4D1E-81F8-E77D938660E1}"
EndProject
Global
	GlobalSection(SolutionConfigurationPlatforms) = preSolution
		Debug|Any CPU = Debug|Any CPU
		Release|Any CPU = Release|Any CPU
	EndGlobalSection
	GlobalSection(ProjectConfigurationPlatforms) = postSolution
		{B90DF2ED-D5D4-4A1F-9D2C-F64F9BFA7D01}.Debug|Any CPU.ActiveCfg = Debug|Any CPU
		{B90DF2ED-D5D4-4A1F-9D2C-F64F9BFA7D01}.Debug|Any CPU.Build.0 = Debug|Any CPU
		{B90DF2ED-D5D4-4A1F-9D2C-F64F9BFA7D01}.Release|Any CPU.ActiveCfg = Release|Any CPU
		{B90DF2ED-D5D4-4A1F-9D2C-F64F9BFA7D01}.Release|Any CPU.Build.0 = Release|Any CPU
		{95FA49A3-D447-466F-8480-80D4C3675C8B}.Debug|Any CPU.ActiveCfg = Debug|Any CPU
		{95FA49A3-D447-466F-8480-80D4C3675C8B}.Debug|Any CPU.Build.0 = Debug|Any CPU
		{95FA49A3-D447-466F-8480-80D4C3675C8B}.Release|Any CPU.ActiveCfg = Release|Any CPU
		{95FA49A3-D447-466F-8480-80D4C3675C8B}.Release|Any CPU.Build.0 = Release|Any CPU
		{7F2F14E8-F38C-4760-AAD7-5D58D4F12770}.Debug|Any CPU.ActiveCfg = Debug|Any CPU
		{7F2F14E8-F38C-4760-AAD7-5D58D4F12770}.Debug|Any CPU.Build.0 = Debug|Any CPU
		{7F2F14E8-F38C-4760-AAD7-5D58D4F12770}.Release|Any CPU.ActiveCfg = Release|Any CPU
		{7F2F14E8-F38C-4760-AAD7-5D58D4F12770}.Release|Any CPU.Build.0 = Release|Any CPU
		{D7E12007-D14A-4D1E-81F8-E77D938660E1}.Debug|Any CPU.ActiveCfg = Debug|Any CPU
		{D7E12007-D14A-4D1E-81F8-E77D938660E1}.Debug|Any CPU.Build.0 = Debug|Any CPU
		{D7E12007-D14A-4D1E-81F8-E77D938660E1}.Release|Any CPU.ActiveCfg = Release|Any CPU
		{D7E12007-D14A-4D1E-81F8-E77D938660E1}.Release|Any CPU.Build.0 = Release|Any CPU
	EndGlobalSection
	GlobalSection(SolutionProperties) = preSolution
		HideSolutionNode = FALSE
	EndGlobalSection
	GlobalSection(ExtensibilityGlobals) = postSolution
		SolutionGuid = {AE11FF9B-3D5B-467E-9AB7-DC4AB79594E2}
	EndGlobalSection
EndGlobal
